
Microsoft Visual Studio Solution File, Format Version 12.00
# Visual Studio Version 17
VisualStudioVersion = 17.1.32210.238
MinimumVisualStudioVersion = 10.0.40219.1
Project("{FAE04EC0-301F-11D3-BF4B-00C04F79EFBC}") = "ClassTaskAccessModifiers", "ClassTaskAccessModifiers\ClassTaskAccessModifiers.csproj", "{BBAD3C6A-82EB-4B54-9311-8F7C135950F9}"
EndProject
Global
	GlobalSection(SolutionConfigurationPlatforms) = preSolution
		Debug|Any CPU = Debug|Any CPU
		Release|Any CPU = Release|Any CPU
	EndGlobalSection
	GlobalSection(ProjectConfigurationPlatforms) = postSolution
		{BBAD3C6A-82EB-4B54-9311-8F7C135950F9}.Debug|Any CPU.ActiveCfg = Debug|Any CPU
		{BBAD3C6A-82EB-4B54-9311-8F7C135950F9}.Debug|Any CPU.Build.0 = Debug|Any CPU
		{BBAD3C6A-82EB-4B54-9311-8F7C135950F9}.Release|Any CPU.ActiveCfg = Release|Any CPU
		{BBAD3C6A-82EB-4B54-9311-8F7C135950F9}.Release|Any CPU.Build.0 = Release|Any CPU
	EndGlobalSection
	GlobalSection(SolutionProperties) = preSolution
		HideSolutionNode = FALSE
	EndGlobalSection
	GlobalSection(ExtensibilityGlobals) = postSolution
		SolutionGuid = {1A97A245-653A-4AB9-AE0D-E707B84F7781}
	EndGlobalSection
EndGlobal
